
Microsoft Visual Studio Solution File, Format Version 12.00
# Visual Studio Version 17
VisualStudioVersion = 17.5.002.0
MinimumVisualStudioVersion = 10.0.40219.1
Project("{9A19103F-16F7-4668-BE54-9A1E7A4F7556}") = "dummyData", "dummyData.csproj", "{A63AD671-E813-4F0B-BC13-57863098A7DB}"
EndProject
Global
	GlobalSection(SolutionConfigurationPlatforms) = preSolution
		Debug|Any CPU = Debug|Any CPU
		Release|Any CPU = Release|Any CPU
	EndGlobalSection
	GlobalSection(ProjectConfigurationPlatforms) = postSolution
		{A63AD671-E813-4F0B-BC13-57863098A7DB}.Debug|Any CPU.ActiveCfg = Debug|Any CPU
		{A63AD671-E813-4F0B-BC13-57863098A7DB}.Debug|Any CPU.Build.0 = Debug|Any CPU
		{A63AD671-E813-4F0B-BC13-57863098A7DB}.Release|Any CPU.ActiveCfg = Release|Any CPU
		{A63AD671-E813-4F0B-BC13-57863098A7DB}.Release|Any CPU.Build.0 = Release|Any CPU
	EndGlobalSection
	GlobalSection(SolutionProperties) = preSolution
		HideSolutionNode = FALSE
	EndGlobalSection
	GlobalSection(ExtensibilityGlobals) = postSolution
		SolutionGuid = {5EFE568D-4971-4212-B1D0-67786C766843}
	EndGlobalSection
EndGlobal
